
Microsoft Visual Studio Solution File, Format Version 12.00
# Visual Studio 15
VisualStudioVersion = 15.0.28010.2019
MinimumVisualStudioVersion = 10.0.40219.1
Project("{FAE04EC0-301F-11D3-BF4B-00C04F79EFBC}") = "ExtensionMethods", "ExtensionMethods\ExtensionMethods.csproj", "{8A002AC5-B257-4451-9345-74047BF01E1C}"
EndProject
Global
	GlobalSection(SolutionConfigurationPlatforms) = preSolution
		Debug|Any CPU = Debug|Any CPU
		Release|Any CPU = Release|Any CPU
	EndGlobalSection
	GlobalSection(ProjectConfigurationPlatforms) = postSolution
		{8A002AC5-B257-4451-9345-74047BF01E1C}.Debug|Any CPU.ActiveCfg = Debug|Any CPU
		{8A002AC5-B257-4451-9345-74047BF01E1C}.Debug|Any CPU.Build.0 = Debug|Any CPU
		{8A002AC5-B257-4451-9345-74047BF01E1C}.Release|Any CPU.ActiveCfg = Release|Any CPU
		{8A002AC5-B257-4451-9345-74047BF01E1C}.Release|Any CPU.Build.0 = Release|Any CPU
	EndGlobalSection
	GlobalSection(SolutionProperties) = preSolution
		HideSolutionNode = FALSE
	EndGlobalSection
	GlobalSection(ExtensibilityGlobals) = postSolution
		SolutionGuid = {97CACD75-3EDF-4D59-8123-5B4840F6D054}
	EndGlobalSection
EndGlobal
